
Microsoft Visual Studio Solution File, Format Version 12.00
# Visual Studio 15
VisualStudioVersion = 15.0.27130.2027
MinimumVisualStudioVersion = 10.0.40219.1
Project("{FAE04EC0-301F-11D3-BF4B-00C04F79EFBC}") = "LiveStethoV2", "LiveStethoV2\LiveStethoV2.csproj", "{698351EC-7061-449D-893D-D4699B293141}"
EndProject
Global
	GlobalSection(SolutionConfigurationPlatforms) = preSolution
		Debug|Any CPU = Debug|Any CPU
		Release|Any CPU = Release|Any CPU
	EndGlobalSection
	GlobalSection(ProjectConfigurationPlatforms) = postSolution
		{698351EC-7061-449D-893D-D4699B293141}.Debug|Any CPU.ActiveCfg = Debug|Any CPU
		{698351EC-7061-449D-893D-D4699B293141}.Debug|Any CPU.Build.0 = Debug|Any CPU
		{698351EC-7061-449D-893D-D4699B293141}.Release|Any CPU.ActiveCfg = Release|Any CPU
		{698351EC-7061-449D-893D-D4699B293141}.Release|Any CPU.Build.0 = Release|Any CPU
	EndGlobalSection
	GlobalSection(SolutionProperties) = preSolution
		HideSolutionNode = FALSE
	EndGlobalSection
	GlobalSection(ExtensibilityGlobals) = postSolution
		EnterpriseLibraryConfigurationToolBinariesPath = packages\Unity.2.1.505.0\lib\NET35
		SolutionGuid = {D1DAA39C-F28C-49F4-A0C7-4F9364BB1D83}
	EndGlobalSection
EndGlobal
